
Microsoft Visual Studio Solution File, Format Version 11.00
# Visual Studio 2010
Project("{FAE04EC0-301F-11D3-BF4B-00C04F79EFBC}") = "Space Invaders Revolution", "Space Invaders Revolution\Space Invaders Revolution.csproj", "{D0FAB743-E313-4873-AD32-B7F516CDD743}"
EndProject
Global
	GlobalSection(SolutionConfigurationPlatforms) = preSolution
		Debug|x86 = Debug|x86
		Release|x86 = Release|x86
	EndGlobalSection
	GlobalSection(ProjectConfigurationPlatforms) = postSolution
		{D0FAB743-E313-4873-AD32-B7F516CDD743}.Debug|x86.ActiveCfg = Debug|x86
		{D0FAB743-E313-4873-AD32-B7F516CDD743}.Debug|x86.Build.0 = Debug|x86
		{D0FAB743-E313-4873-AD32-B7F516CDD743}.Release|x86.ActiveCfg = Release|x86
		{D0FAB743-E313-4873-AD32-B7F516CDD743}.Release|x86.Build.0 = Release|x86
	EndGlobalSection
	GlobalSection(SolutionProperties) = preSolution
		HideSolutionNode = FALSE
	EndGlobalSection
EndGlobal
